{
  "originHash" : "f1dcb30e656ab7d5f18d6da1d17518ef55008c73732b283abf24effab766ab6f",
  "pins" : [
    {
      "identity" : "fluidaudio",
      "kind" : "remoteSourceControl",
      "location" : "https://github.com/FluidInference/FluidAudio.git",
      "state" : {
        "revision" : "503b4bd1bbf7220882de39fe8ae6716aae4132da",
        "version" : "0.17.7"
      }
    }
  ],
  "version" : 3
}
